
Microsoft Visual Studio Solution File, Format Version 12.00
# Visual Studio Version 16
VisualStudioVersion = 25.0.1703.3
MinimumVisualStudioVersion = 10.0.40219.1
Project("{FAE04EC0-301F-11D3-BF4B-00C04F79EFBC}") = "SkillsTracker", "SkillsTracker\SkillsTracker.csproj", "{25FA1DF5-857A-4C6C-B8CF-1D114EC2F91F}"
EndProject
Global
	GlobalSection(SolutionConfigurationPlatforms) = preSolution
		Debug|Any CPU = Debug|Any CPU
		Release|Any CPU = Release|Any CPU
	EndGlobalSection
	GlobalSection(ProjectConfigurationPlatforms) = postSolution
		{25FA1DF5-857A-4C6C-B8CF-1D114EC2F91F}.Debug|Any CPU.ActiveCfg = Debug|Any CPU
		{25FA1DF5-857A-4C6C-B8CF-1D114EC2F91F}.Debug|Any CPU.Build.0 = Debug|Any CPU
		{25FA1DF5-857A-4C6C-B8CF-1D114EC2F91F}.Release|Any CPU.ActiveCfg = Release|Any CPU
		{25FA1DF5-857A-4C6C-B8CF-1D114EC2F91F}.Release|Any CPU.Build.0 = Release|Any CPU
	EndGlobalSection
	GlobalSection(SolutionProperties) = preSolution
		HideSolutionNode = FALSE
	EndGlobalSection
	GlobalSection(ExtensibilityGlobals) = postSolution
		SolutionGuid = {60DAD82C-B1A8-4B29-AAEE-169B59BFA3E2}
	EndGlobalSection
EndGlobal
